// !$*UTF8*$!
{
	archiveVersion = 1;
	classes = {
	};
	objectVersion = 55;
	objects = {

/* Begin PBXBuildFile section */
		38021F1A275BB5F1008BD0A0 /* BrowserView.swift in Sources */ = {isa = PBXBuildFile; fileRef = 38021F19275BB5F1008BD0A0 /* BrowserView.swift */; };
		38021F1B275BB5F1008BD0A0 /* BrowserView.swift in Sources */ = {isa = PBXBuildFile; fileRef = 38021F19275BB5F1008BD0A0 /* BrowserView.swift */; };
		38021F1E275BB8E4008BD0A0 /* demo.html in Resources */ = {isa = PBXBuildFile; fileRef = 38021F1D275BB8E4008BD0A0 /* demo.html */; };
		38021F1F275BB8E4008BD0A0 /* demo.html in Resources */ = {isa = PBXBuildFile; fileRef = 38021F1D275BB8E4008BD0A0 /* demo.html */; };
		38021F21275BB9F8008BD0A0 /* demo.css in Resources */ = {isa = PBXBuildFile; fileRef = 38021F20275BB9F8008BD0A0 /* demo.css */; };
		38021F22275BB9F8008BD0A0 /* demo.css in Resources */ = {isa = PBXBuildFile; fileRef = 38021F20275BB9F8008BD0A0 /* demo.css */; };
		3816E0D1274D493400E0D22C /* Wacoma_DemoApp.swift in Sources */ = {isa = PBXBuildFile; fileRef = 3816E0C1274D493200E0D22C /* Wacoma_DemoApp.swift */; };
		3816E0D2274D493400E0D22C /* Wacoma_DemoApp.swift in Sources */ = {isa = PBXBuildFile; fileRef = 3816E0C1274D493200E0D22C /* Wacoma_DemoApp.swift */; };
		3816E0D3274D493400E0D22C /* ContentView.swift in Sources */ = {isa = PBXBuildFile; fileRef = 3816E0C2274D493200E0D22C /* ContentView.swift */; };
		3816E0D4274D493400E0D22C /* ContentView.swift in Sources */ = {isa = PBXBuildFile; fileRef = 3816E0C2274D493200E0D22C /* ContentView.swift */; };
		3816E0D5274D493400E0D22C /* Assets.xcassets in Resources */ = {isa = PBXBuildFile; fileRef = 3816E0C3274D493400E0D22C /* Assets.xcassets */; };
		3816E0D6274D493400E0D22C /* Assets.xcassets in Resources */ = {isa = PBXBuildFile; fileRef = 3816E0C3274D493400E0D22C /* Assets.xcassets */; };
		3816E0E1274D495900E0D22C /* Wacoma in Frameworks */ = {isa = PBXBuildFile; productRef = 3816E0E0274D495900E0D22C /* Wacoma */; };
		3816E0E6274D496A00E0D22C /* Wacoma in Frameworks */ = {isa = PBXBuildFile; productRef = 3816E0E5274D496A00E0D22C /* Wacoma */; };
		3816E0EA274D49CF00E0D22C /* Navigation.swift in Sources */ = {isa = PBXBuildFile; fileRef = 3816E0E9274D49CF00E0D22C /* Navigation.swift */; };
		3816E0EB274D49CF00E0D22C /* Navigation.swift in Sources */ = {isa = PBXBuildFile; fileRef = 3816E0E9274D49CF00E0D22C /* Navigation.swift */; };
		3816E0EE274D49E900E0D22C /* Sections.swift in Sources */ = {isa = PBXBuildFile; fileRef = 3816E0EC274D49E800E0D22C /* Sections.swift */; };
		3816E0EF274D49E900E0D22C /* Sections.swift in Sources */ = {isa = PBXBuildFile; fileRef = 3816E0EC274D49E800E0D22C /* Sections.swift */; };
		3823141327553CB900262C69 /* RotatedText.swift in Sources */ = {isa = PBXBuildFile; fileRef = 3823141227553CB800262C69 /* RotatedText.swift */; };
		3823141427553CB900262C69 /* RotatedText.swift in Sources */ = {isa = PBXBuildFile; fileRef = 3823141227553CB800262C69 /* RotatedText.swift */; };
		382314162755433500262C69 /* ColorSequences.swift in Sources */ = {isa = PBXBuildFile; fileRef = 382314152755433500262C69 /* ColorSequences.swift */; };
		382314172755433500262C69 /* ColorSequences.swift in Sources */ = {isa = PBXBuildFile; fileRef = 382314152755433500262C69 /* ColorSequences.swift */; };
		388764C42757D51100C8DA19 /* ModalsView.swift in Sources */ = {isa = PBXBuildFile; fileRef = 388764C32757D51100C8DA19 /* ModalsView.swift */; };
		388764C52757D51100C8DA19 /* ModalsView.swift in Sources */ = {isa = PBXBuildFile; fileRef = 388764C32757D51100C8DA19 /* ModalsView.swift */; };
		389D947E274D4B4E00260643 /* LICENSE in Resources */ = {isa = PBXBuildFile; fileRef = 389D947D274D4B4E00260643 /* LICENSE */; };
		389D947F274D4B4E00260643 /* LICENSE in Resources */ = {isa = PBXBuildFile; fileRef = 389D947D274D4B4E00260643 /* LICENSE */; };
		38A0D5772753C9A000E2D543 /* AppModel.swift in Sources */ = {isa = PBXBuildFile; fileRef = 38A0D5762753C9A000E2D543 /* AppModel.swift */; };
		38A0D5782753C9A000E2D543 /* AppModel.swift in Sources */ = {isa = PBXBuildFile; fileRef = 38A0D5762753C9A000E2D543 /* AppModel.swift */; };
		38B1AACE274E7AAC00D29C5A /* README.md in Resources */ = {isa = PBXBuildFile; fileRef = 38B1AACD274E7AAC00D29C5A /* README.md */; };
		38B1AACF274E7AAC00D29C5A /* README.md in Resources */ = {isa = PBXBuildFile; fileRef = 38B1AACD274E7AAC00D29C5A /* README.md */; };
/* End PBXBuildFile section */

/* Begin PBXFileReference section */
		38021F19275BB5F1008BD0A0 /* BrowserView.swift */ = {isa = PBXFileReference; lastKnownFileType = sourcecode.swift; path = BrowserView.swift; sourceTree = "<group>"; };
		38021F1D275BB8E4008BD0A0 /* demo.html */ = {isa = PBXFileReference; lastKnownFileType = text.html; path = demo.html; sourceTree = "<group>"; };
		38021F20275BB9F8008BD0A0 /* demo.css */ = {isa = PBXFileReference; lastKnownFileType = text.css; path = demo.css; sourceTree = "<group>"; };
		3816E0C1274D493200E0D22C /* Wacoma_DemoApp.swift */ = {isa = PBXFileReference; lastKnownFileType = sourcecode.swift; path = Wacoma_DemoApp.swift; sourceTree = "<group>"; };
		3816E0C2274D493200E0D22C /* ContentView.swift */ = {isa = PBXFileReference; lastKnownFileType = sourcecode.swift; path = ContentView.swift; sourceTree = "<group>"; };
		3816E0C3274D493400E0D22C /* Assets.xcassets */ = {isa = PBXFileReference; lastKnownFileType = folder.assetcatalog; path = Assets.xcassets; sourceTree = "<group>"; };
		3816E0C8274D493400E0D22C /* Wacoma-Demo.app */ = {isa = PBXFileReference; explicitFileType = wrapper.application; includeInIndex = 0; path = "Wacoma-Demo.app"; sourceTree = BUILT_PRODUCTS_DIR; };
		3816E0CE274D493400E0D22C /* Wacoma-Demo.app */ = {isa = PBXFileReference; explicitFileType = wrapper.application; includeInIndex = 0; path = "Wacoma-Demo.app"; sourceTree = BUILT_PRODUCTS_DIR; };
		3816E0D0274D493400E0D22C /* macOS.entitlements */ = {isa = PBXFileReference; lastKnownFileType = text.plist.entitlements; path = macOS.entitlements; sourceTree = "<group>"; };
		3816E0E9274D49CF00E0D22C /* Navigation.swift */ = {isa = PBXFileReference; fileEncoding = 4; lastKnownFileType = sourcecode.swift; path = Navigation.swift; sourceTree = "<group>"; };
		3816E0EC274D49E800E0D22C /* Sections.swift */ = {isa = PBXFileReference; fileEncoding = 4; lastKnownFileType = sourcecode.swift; path = Sections.swift; sourceTree = "<group>"; };
		3823141227553CB800262C69 /* RotatedText.swift */ = {isa = PBXFileReference; lastKnownFileType = sourcecode.swift; path = RotatedText.swift; sourceTree = "<group>"; };
		382314152755433500262C69 /* ColorSequences.swift */ = {isa = PBXFileReference; lastKnownFileType = sourcecode.swift; path = ColorSequences.swift; sourceTree = "<group>"; };
		38754CD52758BB72007EA6B9 /* iOS.entitlements */ = {isa = PBXFileReference; lastKnownFileType = text.plist.entitlements; path = iOS.entitlements; sourceTree = "<group>"; };
		388764C32757D51100C8DA19 /* ModalsView.swift */ = {isa = PBXFileReference; lastKnownFileType = sourcecode.swift; path = ModalsView.swift; sourceTree = "<group>"; };
		389D947D274D4B4E00260643 /* LICENSE */ = {isa = PBXFileReference; fileEncoding = 4; lastKnownFileType = text; path = LICENSE; sourceTree = "<group>"; };
		38A0D5762753C9A000E2D543 /* AppModel.swift */ = {isa = PBXFileReference; lastKnownFileType = sourcecode.swift; path = AppModel.swift; sourceTree = "<group>"; };
		38B1AACD274E7AAC00D29C5A /* README.md */ = {isa = PBXFileReference; fileEncoding = 4; lastKnownFileType = net.daringfireball.markdown; path = README.md; sourceTree = "<group>"; };
/* End PBXFileReference section */

/* Begin PBXFrameworksBuildPhase section */
		3816E0C5274D493400E0D22C /* Frameworks */ = {
			isa = PBXFrameworksBuildPhase;
			buildActionMask = 2147483647;
			files = (
				3816E0E1274D495900E0D22C /* Wacoma in Frameworks */,
			);
			runOnlyForDeploymentPostprocessing = 0;
		};
		3816E0CB274D493400E0D22C /* Frameworks */ = {
			isa = PBXFrameworksBuildPhase;
			buildActionMask = 2147483647;
			files = (
				3816E0E6274D496A00E0D22C /* Wacoma in Frameworks */,
			);
			runOnlyForDeploymentPostprocessing = 0;
		};
/* End PBXFrameworksBuildPhase section */

/* Begin PBXGroup section */
		38021F1C275BB852008BD0A0 /* Resources */ = {
			isa = PBXGroup;
			children = (
				3816E0C3274D493400E0D22C /* Assets.xcassets */,
				38021F1D275BB8E4008BD0A0 /* demo.html */,
				38021F20275BB9F8008BD0A0 /* demo.css */,
			);
			path = Resources;
			sourceTree = "<group>";
		};
		3816E0BB274D493200E0D22C = {
			isa = PBXGroup;
			children = (
				3816E0C0274D493200E0D22C /* Shared */,
				38754CD62758BC19007EA6B9 /* iOS */,
				3816E0CF274D493400E0D22C /* macOS */,
				389D947D274D4B4E00260643 /* LICENSE */,
				38B1AACD274E7AAC00D29C5A /* README.md */,
				3816E0E4274D496A00E0D22C /* Frameworks */,
				3816E0C9274D493400E0D22C /* Products */,
			);
			sourceTree = "<group>";
		};
		3816E0C0274D493200E0D22C /* Shared */ = {
			isa = PBXGroup;
			children = (
				38021F1C275BB852008BD0A0 /* Resources */,
				3816E0C2274D493200E0D22C /* ContentView.swift */,
				3816E0E9274D49CF00E0D22C /* Navigation.swift */,
				3816E0EC274D49E800E0D22C /* Sections.swift */,
				3816E0C1274D493200E0D22C /* Wacoma_DemoApp.swift */,
				38A0D5762753C9A000E2D543 /* AppModel.swift */,
				3823141227553CB800262C69 /* RotatedText.swift */,
				382314152755433500262C69 /* ColorSequences.swift */,
				388764C32757D51100C8DA19 /* ModalsView.swift */,
				38021F19275BB5F1008BD0A0 /* BrowserView.swift */,
			);
			path = Shared;
			sourceTree = "<group>";
		};
		3816E0C9274D493400E0D22C /* Products */ = {
			isa = PBXGroup;
			children = (
				3816E0C8274D493400E0D22C /* Wacoma-Demo.app */,
				3816E0CE274D493400E0D22C /* Wacoma-Demo.app */,
			);
			name = Products;
			sourceTree = "<group>";
		};
		3816E0CF274D493400E0D22C /* macOS */ = {
			isa = PBXGroup;
			children = (
				3816E0D0274D493400E0D22C /* macOS.entitlements */,
			);
			path = macOS;
			sourceTree = "<group>";
		};
		3816E0E4274D496A00E0D22C /* Frameworks */ = {
			isa = PBXGroup;
			children = (
			);
			name = Frameworks;
			sourceTree = "<group>";
		};
		38754CD62758BC19007EA6B9 /* iOS */ = {
			isa = PBXGroup;
			children = (
				38754CD52758BB72007EA6B9 /* iOS.entitlements */,
			);
			path = iOS;
			sourceTree = "<group>";
		};
/* End PBXGroup section */

/* Begin PBXNativeTarget section */
		3816E0C7274D493400E0D22C /* Wacoma-Demo (iOS) */ = {
			isa = PBXNativeTarget;
			buildConfigurationList = 3816E0D9274D493400E0D22C /* Build configuration list for PBXNativeTarget "Wacoma-Demo (iOS)" */;
			buildPhases = (
				3816E0C4274D493400E0D22C /* Sources */,
				3816E0C5274D493400E0D22C /* Frameworks */,
				3816E0C6274D493400E0D22C /* Resources */,
			);
			buildRules = (
			);
			dependencies = (
			);
			name = "Wacoma-Demo (iOS)";
			packageProductDependencies = (
				3816E0E0274D495900E0D22C /* Wacoma */,
			);
			productName = "Wacoma-Demo (iOS)";
			productReference = 3816E0C8274D493400E0D22C /* Wacoma-Demo.app */;
			productType = "com.apple.product-type.application";
		};
		3816E0CD274D493400E0D22C /* Wacoma-Demo (macOS) */ = {
			isa = PBXNativeTarget;
			buildConfigurationList = 3816E0DC274D493400E0D22C /* Build configuration list for PBXNativeTarget "Wacoma-Demo (macOS)" */;
			buildPhases = (
				3816E0CA274D493400E0D22C /* Sources */,
				3816E0CB274D493400E0D22C /* Frameworks */,
				3816E0CC274D493400E0D22C /* Resources */,
			);
			buildRules = (
			);
			dependencies = (
			);
			name = "Wacoma-Demo (macOS)";
			packageProductDependencies = (
				3816E0E5274D496A00E0D22C /* Wacoma */,
			);
			productName = "Wacoma-Demo (macOS)";
			productReference = 3816E0CE274D493400E0D22C /* Wacoma-Demo.app */;
			productType = "com.apple.product-type.application";
		};
/* End PBXNativeTarget section */

/* Begin PBXProject section */
		3816E0BC274D493200E0D22C /* Project object */ = {
			isa = PBXProject;
			attributes = {
				BuildIndependentTargetsInParallel = 1;
				LastSwiftUpdateCheck = 1310;
				LastUpgradeCheck = 1320;
				TargetAttributes = {
					3816E0C7274D493400E0D22C = {
						CreatedOnToolsVersion = 13.1;
					};
					3816E0CD274D493400E0D22C = {
						CreatedOnToolsVersion = 13.1;
					};
				};
			};
			buildConfigurationList = 3816E0BF274D493200E0D22C /* Build configuration list for PBXProject "Wacoma-Demo" */;
			compatibilityVersion = "Xcode 13.0";
			developmentRegion = en;
			hasScannedForEncodings = 0;
			knownRegions = (
				en,
				Base,
			);
			mainGroup = 3816E0BB274D493200E0D22C;
			packageReferences = (
				3816E0DF274D495900E0D22C /* XCRemoteSwiftPackageReference "Wacoma" */,
			);
			productRefGroup = 3816E0C9274D493400E0D22C /* Products */;
			projectDirPath = "";
			projectRoot = "";
			targets = (
				3816E0C7274D493400E0D22C /* Wacoma-Demo (iOS) */,
				3816E0CD274D493400E0D22C /* Wacoma-Demo (macOS) */,
			);
		};
/* End PBXProject section */

/* Begin PBXResourcesBuildPhase section */
		3816E0C6274D493400E0D22C /* Resources */ = {
			isa = PBXResourcesBuildPhase;
			buildActionMask = 2147483647;
			files = (
				38021F1E275BB8E4008BD0A0 /* demo.html in Resources */,
				3816E0D5274D493400E0D22C /* Assets.xcassets in Resources */,
				38B1AACE274E7AAC00D29C5A /* README.md in Resources */,
				38021F21275BB9F8008BD0A0 /* demo.css in Resources */,
				389D947E274D4B4E00260643 /* LICENSE in Resources */,
			);
			runOnlyForDeploymentPostprocessing = 0;
		};
		3816E0CC274D493400E0D22C /* Resources */ = {
			isa = PBXResourcesBuildPhase;
			buildActionMask = 2147483647;
			files = (
				38021F1F275BB8E4008BD0A0 /* demo.html in Resources */,
				3816E0D6274D493400E0D22C /* Assets.xcassets in Resources */,
				38B1AACF274E7AAC00D29C5A /* README.md in Resources */,
				38021F22275BB9F8008BD0A0 /* demo.css in Resources */,
				389D947F274D4B4E00260643 /* LICENSE in Resources */,
			);
			runOnlyForDeploymentPostprocessing = 0;
		};
/* End PBXResourcesBuildPhase section */

/* Begin PBXSourcesBuildPhase section */
		3816E0C4274D493400E0D22C /* Sources */ = {
			isa = PBXSourcesBuildPhase;
			buildActionMask = 2147483647;
			files = (
				3816E0EA274D49CF00E0D22C /* Navigation.swift in Sources */,
				3816E0EE274D49E900E0D22C /* Sections.swift in Sources */,
				38021F1A275BB5F1008BD0A0 /* BrowserView.swift in Sources */,
				3816E0D3274D493400E0D22C /* ContentView.swift in Sources */,
				3816E0D1274D493400E0D22C /* Wacoma_DemoApp.swift in Sources */,
				3823141327553CB900262C69 /* RotatedText.swift in Sources */,
				382314162755433500262C69 /* ColorSequences.swift in Sources */,
				38A0D5772753C9A000E2D543 /* AppModel.swift in Sources */,
				388764C42757D51100C8DA19 /* ModalsView.swift in Sources */,
			);
			runOnlyForDeploymentPostprocessing = 0;
		};
		3816E0CA274D493400E0D22C /* Sources */ = {
			isa = PBXSourcesBuildPhase;
			buildActionMask = 2147483647;
			files = (
				3816E0EB274D49CF00E0D22C /* Navigation.swift in Sources */,
				3816E0EF274D49E900E0D22C /* Sections.swift in Sources */,
				38021F1B275BB5F1008BD0A0 /* BrowserView.swift in Sources */,
				3816E0D4274D493400E0D22C /* ContentView.swift in Sources */,
				3816E0D2274D493400E0D22C /* Wacoma_DemoApp.swift in Sources */,
				3823141427553CB900262C69 /* RotatedText.swift in Sources */,
				382314172755433500262C69 /* ColorSequences.swift in Sources */,
				38A0D5782753C9A000E2D543 /* AppModel.swift in Sources */,
				388764C52757D51100C8DA19 /* ModalsView.swift in Sources */,
			);
			runOnlyForDeploymentPostprocessing = 0;
		};
/* End PBXSourcesBuildPhase section */

/* Begin XCBuildConfiguration section */
		3816E0D7274D493400E0D22C /* Debug */ = {
			isa = XCBuildConfiguration;
			buildSettings = {
				ALWAYS_SEARCH_USER_PATHS = NO;
				CLANG_ANALYZER_NONNULL = YES;
				CLANG_ANALYZER_NUMBER_OBJECT_CONVERSION = YES_AGGRESSIVE;
				CLANG_CXX_LANGUAGE_STANDARD = "gnu++17";
				CLANG_CXX_LIBRARY = "libc++";
				CLANG_ENABLE_MODULES = YES;
				CLANG_ENABLE_OBJC_ARC = YES;
				CLANG_ENABLE_OBJC_WEAK = YES;
				CLANG_WARN_BLOCK_CAPTURE_AUTORELEASING = YES;
				CLANG_WARN_BOOL_CONVERSION = YES;
				CLANG_WARN_COMMA = YES;
				CLANG_WARN_CONSTANT_CONVERSION = YES;
				CLANG_WARN_DEPRECATED_OBJC_IMPLEMENTATIONS = YES;
				CLANG_WARN_DIRECT_OBJC_ISA_USAGE = YES_ERROR;
				CLANG_WARN_DOCUMENTATION_COMMENTS = YES;
				CLANG_WARN_EMPTY_BODY = YES;
				CLANG_WARN_ENUM_CONVERSION = YES;
				CLANG_WARN_INFINITE_RECURSION = YES;
				CLANG_WARN_INT_CONVERSION = YES;
				CLANG_WARN_NON_LITERAL_NULL_CONVERSION = YES;
				CLANG_WARN_OBJC_IMPLICIT_RETAIN_SELF = YES;
				CLANG_WARN_OBJC_LITERAL_CONVERSION = YES;
				CLANG_WARN_OBJC_ROOT_CLASS = YES_ERROR;
				CLANG_WARN_QUOTED_INCLUDE_IN_FRAMEWORK_HEADER = YES;
				CLANG_WARN_RANGE_LOOP_ANALYSIS = YES;
				CLANG_WARN_STRICT_PROTOTYPES = YES;
				CLANG_WARN_SUSPICIOUS_MOVE = YES;
				CLANG_WARN_UNGUARDED_AVAILABILITY = YES_AGGRESSIVE;
				CLANG_WARN_UNREACHABLE_CODE = YES;
				CLANG_WARN__DUPLICATE_METHOD_MATCH = YES;
				COPY_PHASE_STRIP = NO;
				DEBUG_INFORMATION_FORMAT = dwarf;
				ENABLE_STRICT_OBJC_MSGSEND = YES;
				ENABLE_TESTABILITY = YES;
				GCC_C_LANGUAGE_STANDARD = gnu11;
				GCC_DYNAMIC_NO_PIC = NO;
				GCC_NO_COMMON_BLOCKS = YES;
				GCC_OPTIMIZATION_LEVEL = 0;
				GCC_PREPROCESSOR_DEFINITIONS = (
					"DEBUG=1",
					"$(inherited)",
				);
				GCC_WARN_64_TO_32_BIT_CONVERSION = YES;
				GCC_WARN_ABOUT_RETURN_TYPE = YES_ERROR;
				GCC_WARN_UNDECLARED_SELECTOR = YES;
				GCC_WARN_UNINITIALIZED_AUTOS = YES_AGGRESSIVE;
				GCC_WARN_UNUSED_FUNCTION = YES;
				GCC_WARN_UNUSED_VARIABLE = YES;
				MTL_ENABLE_DEBUG_INFO = INCLUDE_SOURCE;
				MTL_FAST_MATH = YES;
				ONLY_ACTIVE_ARCH = YES;
				SWIFT_ACTIVE_COMPILATION_CONDITIONS = DEBUG;
				SWIFT_OPTIMIZATION_LEVEL = "-Onone";
			};
			name = Debug;
		};
		3816E0D8274D493400E0D22C /* Release */ = {
			isa = XCBuildConfiguration;
			buildSettings = {
				ALWAYS_SEARCH_USER_PATHS = NO;
				CLANG_ANALYZER_NONNULL = YES;
				CLANG_ANALYZER_NUMBER_OBJECT_CONVERSION = YES_AGGRESSIVE;
				CLANG_CXX_LANGUAGE_STANDARD = "gnu++17";
				CLANG_CXX_LIBRARY = "libc++";
				CLANG_ENABLE_MODULES = YES;
				CLANG_ENABLE_OBJC_ARC = YES;
				CLANG_ENABLE_OBJC_WEAK = YES;
				CLANG_WARN_BLOCK_CAPTURE_AUTORELEASING = YES;
				CLANG_WARN_BOOL_CONVERSION = YES;
				CLANG_WARN_COMMA = YES;
				CLANG_WARN_CONSTANT_CONVERSION = YES;
				CLANG_WARN_DEPRECATED_OBJC_IMPLEMENTATIONS = YES;
				CLANG_WARN_DIRECT_OBJC_ISA_USAGE = YES_ERROR;
				CLANG_WARN_DOCUMENTATION_COMMENTS = YES;
				CLANG_WARN_EMPTY_BODY = YES;
				CLANG_WARN_ENUM_CONVERSION = YES;
				CLANG_WARN_INFINITE_RECURSION = YES;
				CLANG_WARN_INT_CONVERSION = YES;
				CLANG_WARN_NON_LITERAL_NULL_CONVERSION = YES;
				CLANG_WARN_OBJC_IMPLICIT_RETAIN_SELF = YES;
				CLANG_WARN_OBJC_LITERAL_CONVERSION = YES;
				CLANG_WARN_OBJC_ROOT_CLASS = YES_ERROR;
				CLANG_WARN_QUOTED_INCLUDE_IN_FRAMEWORK_HEADER = YES;
				CLANG_WARN_RANGE_LOOP_ANALYSIS = YES;
				CLANG_WARN_STRICT_PROTOTYPES = YES;
				CLANG_WARN_SUSPICIOUS_MOVE = YES;
				CLANG_WARN_UNGUARDED_AVAILABILITY = YES_AGGRESSIVE;
				CLANG_WARN_UNREACHABLE_CODE = YES;
				CLANG_WARN__DUPLICATE_METHOD_MATCH = YES;
				COPY_PHASE_STRIP = NO;
				DEBUG_INFORMATION_FORMAT = "dwarf-with-dsym";
				ENABLE_NS_ASSERTIONS = NO;
				ENABLE_STRICT_OBJC_MSGSEND = YES;
				GCC_C_LANGUAGE_STANDARD = gnu11;
				GCC_NO_COMMON_BLOCKS = YES;
				GCC_WARN_64_TO_32_BIT_CONVERSION = YES;
				GCC_WARN_ABOUT_RETURN_TYPE = YES_ERROR;
				GCC_WARN_UNDECLARED_SELECTOR = YES;
				GCC_WARN_UNINITIALIZED_AUTOS = YES_AGGRESSIVE;
				GCC_WARN_UNUSED_FUNCTION = YES;
				GCC_WARN_UNUSED_VARIABLE = YES;
				MTL_ENABLE_DEBUG_INFO = NO;
				MTL_FAST_MATH = YES;
				SWIFT_COMPILATION_MODE = wholemodule;
				SWIFT_OPTIMIZATION_LEVEL = "-O";
			};
			name = Release;
		};
		3816E0DA274D493400E0D22C /* Debug */ = {
			isa = XCBuildConfiguration;
			buildSettings = {
				ASSETCATALOG_COMPILER_APPICON_NAME = AppIcon;
				ASSETCATALOG_COMPILER_GLOBAL_ACCENT_COLOR_NAME = AccentColor;
				CODE_SIGN_ENTITLEMENTS = iOS/iOS.entitlements;
				CODE_SIGN_STYLE = Automatic;
				CURRENT_PROJECT_VERSION = 1;
				DEVELOPMENT_TEAM = VV92S3CB9G;
				ENABLE_PREVIEWS = YES;
				GENERATE_INFOPLIST_FILE = YES;
				INFOPLIST_KEY_UIApplicationSceneManifest_Generation = YES;
				INFOPLIST_KEY_UIApplicationSupportsIndirectInputEvents = YES;
				INFOPLIST_KEY_UILaunchScreen_Generation = YES;
				INFOPLIST_KEY_UISupportedInterfaceOrientations_iPad = "UIInterfaceOrientationPortrait UIInterfaceOrientationPortraitUpsideDown UIInterfaceOrientationLandscapeLeft UIInterfaceOrientationLandscapeRight";
				INFOPLIST_KEY_UISupportedInterfaceOrientations_iPhone = "UIInterfaceOrientationPortrait UIInterfaceOrientationLandscapeLeft UIInterfaceOrientationLandscapeRight";
				IPHONEOS_DEPLOYMENT_TARGET = 14.7;
				LD_RUNPATH_SEARCH_PATHS = (
					"$(inherited)",
					"@executable_path/Frameworks",
				);
				MARKETING_VERSION = 1.0;
				PRODUCT_BUNDLE_IDENTIFIER = "com.jehanson.Wacoma-Demo";
				PRODUCT_NAME = "Wacoma-Demo";
				SDKROOT = iphoneos;
				SUPPORTS_MACCATALYST = YES;
				SWIFT_EMIT_LOC_STRINGS = YES;
				SWIFT_VERSION = 5.0;
				TARGETED_DEVICE_FAMILY = "1,2,6";
			};
			name = Debug;
		};
		3816E0DB274D493400E0D22C /* Release */ = {
			isa = XCBuildConfiguration;
			buildSettings = {
				ASSETCATALOG_COMPILER_APPICON_NAME = AppIcon;
				ASSETCATALOG_COMPILER_GLOBAL_ACCENT_COLOR_NAME = AccentColor;
				CODE_SIGN_ENTITLEMENTS = iOS/iOS.entitlements;
				CODE_SIGN_STYLE = Automatic;
				CURRENT_PROJECT_VERSION = 1;
				DEVELOPMENT_TEAM = VV92S3CB9G;
				ENABLE_PREVIEWS = YES;
				GENERATE_INFOPLIST_FILE = YES;
				INFOPLIST_KEY_UIApplicationSceneManifest_Generation = YES;
				INFOPLIST_KEY_UIApplicationSupportsIndirectInputEvents = YES;
				INFOPLIST_KEY_UILaunchScreen_Generation = YES;
				INFOPLIST_KEY_UISupportedInterfaceOrientations_iPad = "UIInterfaceOrientationPortrait UIInterfaceOrientationPortraitUpsideDown UIInterfaceOrientationLandscapeLeft UIInterfaceOrientationLandscapeRight";
				INFOPLIST_KEY_UISupportedInterfaceOrientations_iPhone = "UIInterfaceOrientationPortrait UIInterfaceOrientationLandscapeLeft UIInterfaceOrientationLandscapeRight";
				IPHONEOS_DEPLOYMENT_TARGET = 14.7;
				LD_RUNPATH_SEARCH_PATHS = (
					"$(inherited)",
					"@executable_path/Frameworks",
				);
				MARKETING_VERSION = 1.0;
				PRODUCT_BUNDLE_IDENTIFIER = "com.jehanson.Wacoma-Demo";
				PRODUCT_NAME = "Wacoma-Demo";
				SDKROOT = iphoneos;
				SUPPORTS_MACCATALYST = YES;
				SWIFT_EMIT_LOC_STRINGS = YES;
				SWIFT_VERSION = 5.0;
				TARGETED_DEVICE_FAMILY = "1,2,6";
				VALIDATE_PRODUCT = YES;
			};
			name = Release;
		};
		3816E0DD274D493400E0D22C /* Debug */ = {
			isa = XCBuildConfiguration;
			buildSettings = {
				ASSETCATALOG_COMPILER_APPICON_NAME = AppIcon;
				ASSETCATALOG_COMPILER_GLOBAL_ACCENT_COLOR_NAME = AccentColor;
				CODE_SIGN_ENTITLEMENTS = macOS/macOS.entitlements;
				CODE_SIGN_IDENTITY = "-";
				CODE_SIGN_STYLE = Automatic;
				COMBINE_HIDPI_IMAGES = YES;
				CURRENT_PROJECT_VERSION = 1;
				DEVELOPMENT_TEAM = VV92S3CB9G;
				ENABLE_HARDENED_RUNTIME = YES;
				ENABLE_PREVIEWS = YES;
				GENERATE_INFOPLIST_FILE = YES;
				INFOPLIST_KEY_NSHumanReadableCopyright = "";
				LD_RUNPATH_SEARCH_PATHS = (
					"$(inherited)",
					"@executable_path/../Frameworks",
				);
				MACOSX_DEPLOYMENT_TARGET = 11.5;
				MARKETING_VERSION = 1.0;
				PRODUCT_BUNDLE_IDENTIFIER = "com.jehanson.Wacoma-Demo";
				PRODUCT_NAME = "Wacoma-Demo";
				SDKROOT = macosx;
				SWIFT_EMIT_LOC_STRINGS = YES;
				SWIFT_VERSION = 5.0;
			};
			name = Debug;
		};
		3816E0DE274D493400E0D22C /* Release */ = {
			isa = XCBuildConfiguration;
			buildSettings = {
				ASSETCATALOG_COMPILER_APPICON_NAME = AppIcon;
				ASSETCATALOG_COMPILER_GLOBAL_ACCENT_COLOR_NAME = AccentColor;
				CODE_SIGN_ENTITLEMENTS = macOS/macOS.entitlements;
				CODE_SIGN_IDENTITY = "-";
				CODE_SIGN_STYLE = Automatic;
				COMBINE_HIDPI_IMAGES = YES;
				CURRENT_PROJECT_VERSION = 1;
				DEVELOPMENT_TEAM = VV92S3CB9G;
				ENABLE_HARDENED_RUNTIME = YES;
				ENABLE_PREVIEWS = YES;
				GENERATE_INFOPLIST_FILE = YES;
				INFOPLIST_KEY_NSHumanReadableCopyright = "";
				LD_RUNPATH_SEARCH_PATHS = (
					"$(inherited)",
					"@executable_path/../Frameworks",
				);
				MACOSX_DEPLOYMENT_TARGET = 11.5;
				MARKETING_VERSION = 1.0;
				PRODUCT_BUNDLE_IDENTIFIER = "com.jehanson.Wacoma-Demo";
				PRODUCT_NAME = "Wacoma-Demo";
				SDKROOT = macosx;
				SWIFT_EMIT_LOC_STRINGS = YES;
				SWIFT_VERSION = 5.0;
			};
			name = Release;
		};
/* End XCBuildConfiguration section */

/* Begin XCConfigurationList section */
		3816E0BF274D493200E0D22C /* Build configuration list for PBXProject "Wacoma-Demo" */ = {
			isa = XCConfigurationList;
			buildConfigurations = (
				3816E0D7274D493400E0D22C /* Debug */,
				3816E0D8274D493400E0D22C /* Release */,
			);
			defaultConfigurationIsVisible = 0;
			defaultConfigurationName = Release;
		};
		3816E0D9274D493400E0D22C /* Build configuration list for PBXNativeTarget "Wacoma-Demo (iOS)" */ = {
			isa = XCConfigurationList;
			buildConfigurations = (
				3816E0DA274D493400E0D22C /* Debug */,
				3816E0DB274D493400E0D22C /* Release */,
			);
			defaultConfigurationIsVisible = 0;
			defaultConfigurationName = Release;
		};
		3816E0DC274D493400E0D22C /* Build configuration list for PBXNativeTarget "Wacoma-Demo (macOS)" */ = {
			isa = XCConfigurationList;
			buildConfigurations = (
				3816E0DD274D493400E0D22C /* Debug */,
				3816E0DE274D493400E0D22C /* Release */,
			);
			defaultConfigurationIsVisible = 0;
			defaultConfigurationName = Release;
		};
/* End XCConfigurationList section */

/* Begin XCRemoteSwiftPackageReference section */
		3816E0DF274D495900E0D22C /* XCRemoteSwiftPackageReference "Wacoma" */ = {
			isa = XCRemoteSwiftPackageReference;
			repositoryURL = "https://github.com/jehansontech/Wacoma";
			requirement = {
				branch = dev;
				kind = branch;
			};
		};
/* End XCRemoteSwiftPackageReference section */

/* Begin XCSwiftPackageProductDependency section */
		3816E0E0274D495900E0D22C /* Wacoma */ = {
			isa = XCSwiftPackageProductDependency;
			package = 3816E0DF274D495900E0D22C /* XCRemoteSwiftPackageReference "Wacoma" */;
			productName = Wacoma;
		};
		3816E0E5274D496A00E0D22C /* Wacoma */ = {
			isa = XCSwiftPackageProductDependency;
			package = 3816E0DF274D495900E0D22C /* XCRemoteSwiftPackageReference "Wacoma" */;
			productName = Wacoma;
		};
/* End XCSwiftPackageProductDependency section */
	};
	rootObject = 3816E0BC274D493200E0D22C /* Project object */;
}
