// !$*UTF8*$!
{
	archiveVersion = 1;
	classes = {
	};
	objectVersion = 52;
	objects = {

/* Begin PBXBuildFile section */
		38813346264C466C00EE2348 /* Done.txt in Resources */ = {isa = PBXBuildFile; fileRef = 38813344264C466C00EE2348 /* Done.txt */; };
		38813347264C466C00EE2348 /* ToDo.txt in Resources */ = {isa = PBXBuildFile; fileRef = 38813345264C466C00EE2348 /* ToDo.txt */; };
		3881334A264C485500EE2348 /* LICENSE in Resources */ = {isa = PBXBuildFile; fileRef = 38813349264C485500EE2348 /* LICENSE */; };
		3881334C264C486100EE2348 /* README.md in Resources */ = {isa = PBXBuildFile; fileRef = 3881334B264C486100EE2348 /* README.md */; };
		38AC646F264C44C300CD9279 /* Wacoma_DemoApp.swift in Sources */ = {isa = PBXBuildFile; fileRef = 38AC646E264C44C300CD9279 /* Wacoma_DemoApp.swift */; };
		38AC6471264C44C300CD9279 /* ContentView.swift in Sources */ = {isa = PBXBuildFile; fileRef = 38AC6470264C44C300CD9279 /* ContentView.swift */; };
		38AC6473264C44C600CD9279 /* Assets.xcassets in Resources */ = {isa = PBXBuildFile; fileRef = 38AC6472264C44C600CD9279 /* Assets.xcassets */; };
		38AC6476264C44C600CD9279 /* Preview Assets.xcassets in Resources */ = {isa = PBXBuildFile; fileRef = 38AC6475264C44C600CD9279 /* Preview Assets.xcassets */; };
		38AC647E264C450400CD9279 /* Sections.swift in Sources */ = {isa = PBXBuildFile; fileRef = 38AC647D264C450400CD9279 /* Sections.swift */; };
		38AC6480264C452B00CD9279 /* Navigation.swift in Sources */ = {isa = PBXBuildFile; fileRef = 38AC647F264C452B00CD9279 /* Navigation.swift */; };
		38AC6482264C454300CD9279 /* Settings.swift in Sources */ = {isa = PBXBuildFile; fileRef = 38AC6481264C454300CD9279 /* Settings.swift */; };
		38E09075273055DA007DEB5D /* Wacoma in Frameworks */ = {isa = PBXBuildFile; productRef = 38E09074273055DA007DEB5D /* Wacoma */; };
		38E09077273055DA007DEB5D /* WacomaUI in Frameworks */ = {isa = PBXBuildFile; productRef = 38E09076273055DA007DEB5D /* WacomaUI */; };
/* End PBXBuildFile section */

/* Begin PBXFileReference section */
		38813344264C466C00EE2348 /* Done.txt */ = {isa = PBXFileReference; fileEncoding = 4; lastKnownFileType = text; path = Done.txt; sourceTree = "<group>"; };
		38813345264C466C00EE2348 /* ToDo.txt */ = {isa = PBXFileReference; fileEncoding = 4; lastKnownFileType = text; path = ToDo.txt; sourceTree = "<group>"; };
		38813348264C46F800EE2348 /* Wacoma-Demo.entitlements */ = {isa = PBXFileReference; lastKnownFileType = text.plist.entitlements; path = "Wacoma-Demo.entitlements"; sourceTree = "<group>"; };
		38813349264C485500EE2348 /* LICENSE */ = {isa = PBXFileReference; fileEncoding = 4; lastKnownFileType = text; path = LICENSE; sourceTree = "<group>"; };
		3881334B264C486100EE2348 /* README.md */ = {isa = PBXFileReference; fileEncoding = 4; lastKnownFileType = net.daringfireball.markdown; path = README.md; sourceTree = "<group>"; };
		38AC646B264C44C300CD9279 /* Wacoma-Demo.app */ = {isa = PBXFileReference; explicitFileType = wrapper.application; includeInIndex = 0; path = "Wacoma-Demo.app"; sourceTree = BUILT_PRODUCTS_DIR; };
		38AC646E264C44C300CD9279 /* Wacoma_DemoApp.swift */ = {isa = PBXFileReference; lastKnownFileType = sourcecode.swift; path = Wacoma_DemoApp.swift; sourceTree = "<group>"; };
		38AC6470264C44C300CD9279 /* ContentView.swift */ = {isa = PBXFileReference; lastKnownFileType = sourcecode.swift; path = ContentView.swift; sourceTree = "<group>"; };
		38AC6472264C44C600CD9279 /* Assets.xcassets */ = {isa = PBXFileReference; lastKnownFileType = folder.assetcatalog; path = Assets.xcassets; sourceTree = "<group>"; };
		38AC6475264C44C600CD9279 /* Preview Assets.xcassets */ = {isa = PBXFileReference; lastKnownFileType = folder.assetcatalog; path = "Preview Assets.xcassets"; sourceTree = "<group>"; };
		38AC6477264C44C600CD9279 /* Info.plist */ = {isa = PBXFileReference; lastKnownFileType = text.plist.xml; path = Info.plist; sourceTree = "<group>"; };
		38AC647D264C450400CD9279 /* Sections.swift */ = {isa = PBXFileReference; fileEncoding = 4; lastKnownFileType = sourcecode.swift; path = Sections.swift; sourceTree = "<group>"; };
		38AC647F264C452B00CD9279 /* Navigation.swift */ = {isa = PBXFileReference; fileEncoding = 4; lastKnownFileType = sourcecode.swift; path = Navigation.swift; sourceTree = "<group>"; };
		38AC6481264C454300CD9279 /* Settings.swift */ = {isa = PBXFileReference; fileEncoding = 4; lastKnownFileType = sourcecode.swift; path = Settings.swift; sourceTree = "<group>"; };
/* End PBXFileReference section */

/* Begin PBXFrameworksBuildPhase section */
		38AC6468264C44C300CD9279 /* Frameworks */ = {
			isa = PBXFrameworksBuildPhase;
			buildActionMask = 2147483647;
			files = (
				38E09077273055DA007DEB5D /* WacomaUI in Frameworks */,
				38E09075273055DA007DEB5D /* Wacoma in Frameworks */,
			);
			runOnlyForDeploymentPostprocessing = 0;
		};
/* End PBXFrameworksBuildPhase section */

/* Begin PBXGroup section */
		38813343264C463F00EE2348 /* Notes */ = {
			isa = PBXGroup;
			children = (
				38813344264C466C00EE2348 /* Done.txt */,
				38813345264C466C00EE2348 /* ToDo.txt */,
			);
			path = Notes;
			sourceTree = "<group>";
		};
		38AC6462264C44C300CD9279 = {
			isa = PBXGroup;
			children = (
				3881334B264C486100EE2348 /* README.md */,
				38813349264C485500EE2348 /* LICENSE */,
				38813343264C463F00EE2348 /* Notes */,
				38AC646D264C44C300CD9279 /* Wacoma-Demo */,
				38AC646C264C44C300CD9279 /* Products */,
			);
			sourceTree = "<group>";
		};
		38AC646C264C44C300CD9279 /* Products */ = {
			isa = PBXGroup;
			children = (
				38AC646B264C44C300CD9279 /* Wacoma-Demo.app */,
			);
			name = Products;
			sourceTree = "<group>";
		};
		38AC646D264C44C300CD9279 /* Wacoma-Demo */ = {
			isa = PBXGroup;
			children = (
				38813348264C46F800EE2348 /* Wacoma-Demo.entitlements */,
				38AC6472264C44C600CD9279 /* Assets.xcassets */,
				38AC6470264C44C300CD9279 /* ContentView.swift */,
				38AC6477264C44C600CD9279 /* Info.plist */,
				38AC647F264C452B00CD9279 /* Navigation.swift */,
				38AC6474264C44C600CD9279 /* Preview Content */,
				38AC647D264C450400CD9279 /* Sections.swift */,
				38AC6481264C454300CD9279 /* Settings.swift */,
				38AC646E264C44C300CD9279 /* Wacoma_DemoApp.swift */,
			);
			path = "Wacoma-Demo";
			sourceTree = "<group>";
		};
		38AC6474264C44C600CD9279 /* Preview Content */ = {
			isa = PBXGroup;
			children = (
				38AC6475264C44C600CD9279 /* Preview Assets.xcassets */,
			);
			path = "Preview Content";
			sourceTree = "<group>";
		};
/* End PBXGroup section */

/* Begin PBXNativeTarget section */
		38AC646A264C44C300CD9279 /* Wacoma-Demo */ = {
			isa = PBXNativeTarget;
			buildConfigurationList = 38AC647A264C44C600CD9279 /* Build configuration list for PBXNativeTarget "Wacoma-Demo" */;
			buildPhases = (
				38AC6467264C44C300CD9279 /* Sources */,
				38AC6468264C44C300CD9279 /* Frameworks */,
				38AC6469264C44C300CD9279 /* Resources */,
			);
			buildRules = (
			);
			dependencies = (
			);
			name = "Wacoma-Demo";
			packageProductDependencies = (
				38E09074273055DA007DEB5D /* Wacoma */,
				38E09076273055DA007DEB5D /* WacomaUI */,
			);
			productName = "Wacoma-Demo";
			productReference = 38AC646B264C44C300CD9279 /* Wacoma-Demo.app */;
			productType = "com.apple.product-type.application";
		};
/* End PBXNativeTarget section */

/* Begin PBXProject section */
		38AC6463264C44C300CD9279 /* Project object */ = {
			isa = PBXProject;
			attributes = {
				LastSwiftUpdateCheck = 1250;
				LastUpgradeCheck = 1250;
				TargetAttributes = {
					38AC646A264C44C300CD9279 = {
						CreatedOnToolsVersion = 12.5;
					};
				};
			};
			buildConfigurationList = 38AC6466264C44C300CD9279 /* Build configuration list for PBXProject "Wacoma-Demo" */;
			compatibilityVersion = "Xcode 9.3";
			developmentRegion = en;
			hasScannedForEncodings = 0;
			knownRegions = (
				en,
				Base,
			);
			mainGroup = 38AC6462264C44C300CD9279;
			packageReferences = (
				38E09073273055DA007DEB5D /* XCRemoteSwiftPackageReference "Wacoma" */,
			);
			productRefGroup = 38AC646C264C44C300CD9279 /* Products */;
			projectDirPath = "";
			projectRoot = "";
			targets = (
				38AC646A264C44C300CD9279 /* Wacoma-Demo */,
			);
		};
/* End PBXProject section */

/* Begin PBXResourcesBuildPhase section */
		38AC6469264C44C300CD9279 /* Resources */ = {
			isa = PBXResourcesBuildPhase;
			buildActionMask = 2147483647;
			files = (
				3881334C264C486100EE2348 /* README.md in Resources */,
				38813347264C466C00EE2348 /* ToDo.txt in Resources */,
				38AC6476264C44C600CD9279 /* Preview Assets.xcassets in Resources */,
				38AC6473264C44C600CD9279 /* Assets.xcassets in Resources */,
				38813346264C466C00EE2348 /* Done.txt in Resources */,
				3881334A264C485500EE2348 /* LICENSE in Resources */,
			);
			runOnlyForDeploymentPostprocessing = 0;
		};
/* End PBXResourcesBuildPhase section */

/* Begin PBXSourcesBuildPhase section */
		38AC6467264C44C300CD9279 /* Sources */ = {
			isa = PBXSourcesBuildPhase;
			buildActionMask = 2147483647;
			files = (
				38AC6471264C44C300CD9279 /* ContentView.swift in Sources */,
				38AC647E264C450400CD9279 /* Sections.swift in Sources */,
				38AC646F264C44C300CD9279 /* Wacoma_DemoApp.swift in Sources */,
				38AC6480264C452B00CD9279 /* Navigation.swift in Sources */,
				38AC6482264C454300CD9279 /* Settings.swift in Sources */,
			);
			runOnlyForDeploymentPostprocessing = 0;
		};
/* End PBXSourcesBuildPhase section */

/* Begin XCBuildConfiguration section */
		38AC6478264C44C600CD9279 /* Debug */ = {
			isa = XCBuildConfiguration;
			buildSettings = {
				ALWAYS_SEARCH_USER_PATHS = NO;
				CLANG_ANALYZER_NONNULL = YES;
				CLANG_ANALYZER_NUMBER_OBJECT_CONVERSION = YES_AGGRESSIVE;
				CLANG_CXX_LANGUAGE_STANDARD = "gnu++14";
				CLANG_CXX_LIBRARY = "libc++";
				CLANG_ENABLE_MODULES = YES;
				CLANG_ENABLE_OBJC_ARC = YES;
				CLANG_ENABLE_OBJC_WEAK = YES;
				CLANG_WARN_BLOCK_CAPTURE_AUTORELEASING = YES;
				CLANG_WARN_BOOL_CONVERSION = YES;
				CLANG_WARN_COMMA = YES;
				CLANG_WARN_CONSTANT_CONVERSION = YES;
				CLANG_WARN_DEPRECATED_OBJC_IMPLEMENTATIONS = YES;
				CLANG_WARN_DIRECT_OBJC_ISA_USAGE = YES_ERROR;
				CLANG_WARN_DOCUMENTATION_COMMENTS = YES;
				CLANG_WARN_EMPTY_BODY = YES;
				CLANG_WARN_ENUM_CONVERSION = YES;
				CLANG_WARN_INFINITE_RECURSION = YES;
				CLANG_WARN_INT_CONVERSION = YES;
				CLANG_WARN_NON_LITERAL_NULL_CONVERSION = YES;
				CLANG_WARN_OBJC_IMPLICIT_RETAIN_SELF = YES;
				CLANG_WARN_OBJC_LITERAL_CONVERSION = YES;
				CLANG_WARN_OBJC_ROOT_CLASS = YES_ERROR;
				CLANG_WARN_QUOTED_INCLUDE_IN_FRAMEWORK_HEADER = YES;
				CLANG_WARN_RANGE_LOOP_ANALYSIS = YES;
				CLANG_WARN_STRICT_PROTOTYPES = YES;
				CLANG_WARN_SUSPICIOUS_MOVE = YES;
				CLANG_WARN_UNGUARDED_AVAILABILITY = YES_AGGRESSIVE;
				CLANG_WARN_UNREACHABLE_CODE = YES;
				CLANG_WARN__DUPLICATE_METHOD_MATCH = YES;
				COPY_PHASE_STRIP = NO;
				DEBUG_INFORMATION_FORMAT = dwarf;
				ENABLE_STRICT_OBJC_MSGSEND = YES;
				ENABLE_TESTABILITY = YES;
				GCC_C_LANGUAGE_STANDARD = gnu11;
				GCC_DYNAMIC_NO_PIC = NO;
				GCC_NO_COMMON_BLOCKS = YES;
				GCC_OPTIMIZATION_LEVEL = 0;
				GCC_PREPROCESSOR_DEFINITIONS = (
					"DEBUG=1",
					"$(inherited)",
				);
				GCC_WARN_64_TO_32_BIT_CONVERSION = YES;
				GCC_WARN_ABOUT_RETURN_TYPE = YES_ERROR;
				GCC_WARN_UNDECLARED_SELECTOR = YES;
				GCC_WARN_UNINITIALIZED_AUTOS = YES_AGGRESSIVE;
				GCC_WARN_UNUSED_FUNCTION = YES;
				GCC_WARN_UNUSED_VARIABLE = YES;
				IPHONEOS_DEPLOYMENT_TARGET = 14.5;
				MTL_ENABLE_DEBUG_INFO = INCLUDE_SOURCE;
				MTL_FAST_MATH = YES;
				ONLY_ACTIVE_ARCH = YES;
				SDKROOT = iphoneos;
				SWIFT_ACTIVE_COMPILATION_CONDITIONS = DEBUG;
				SWIFT_OPTIMIZATION_LEVEL = "-Onone";
			};
			name = Debug;
		};
		38AC6479264C44C600CD9279 /* Release */ = {
			isa = XCBuildConfiguration;
			buildSettings = {
				ALWAYS_SEARCH_USER_PATHS = NO;
				CLANG_ANALYZER_NONNULL = YES;
				CLANG_ANALYZER_NUMBER_OBJECT_CONVERSION = YES_AGGRESSIVE;
				CLANG_CXX_LANGUAGE_STANDARD = "gnu++14";
				CLANG_CXX_LIBRARY = "libc++";
				CLANG_ENABLE_MODULES = YES;
				CLANG_ENABLE_OBJC_ARC = YES;
				CLANG_ENABLE_OBJC_WEAK = YES;
				CLANG_WARN_BLOCK_CAPTURE_AUTORELEASING = YES;
				CLANG_WARN_BOOL_CONVERSION = YES;
				CLANG_WARN_COMMA = YES;
				CLANG_WARN_CONSTANT_CONVERSION = YES;
				CLANG_WARN_DEPRECATED_OBJC_IMPLEMENTATIONS = YES;
				CLANG_WARN_DIRECT_OBJC_ISA_USAGE = YES_ERROR;
				CLANG_WARN_DOCUMENTATION_COMMENTS = YES;
				CLANG_WARN_EMPTY_BODY = YES;
				CLANG_WARN_ENUM_CONVERSION = YES;
				CLANG_WARN_INFINITE_RECURSION = YES;
				CLANG_WARN_INT_CONVERSION = YES;
				CLANG_WARN_NON_LITERAL_NULL_CONVERSION = YES;
				CLANG_WARN_OBJC_IMPLICIT_RETAIN_SELF = YES;
				CLANG_WARN_OBJC_LITERAL_CONVERSION = YES;
				CLANG_WARN_OBJC_ROOT_CLASS = YES_ERROR;
				CLANG_WARN_QUOTED_INCLUDE_IN_FRAMEWORK_HEADER = YES;
				CLANG_WARN_RANGE_LOOP_ANALYSIS = YES;
				CLANG_WARN_STRICT_PROTOTYPES = YES;
				CLANG_WARN_SUSPICIOUS_MOVE = YES;
				CLANG_WARN_UNGUARDED_AVAILABILITY = YES_AGGRESSIVE;
				CLANG_WARN_UNREACHABLE_CODE = YES;
				CLANG_WARN__DUPLICATE_METHOD_MATCH = YES;
				COPY_PHASE_STRIP = NO;
				DEBUG_INFORMATION_FORMAT = "dwarf-with-dsym";
				ENABLE_NS_ASSERTIONS = NO;
				ENABLE_STRICT_OBJC_MSGSEND = YES;
				GCC_C_LANGUAGE_STANDARD = gnu11;
				GCC_NO_COMMON_BLOCKS = YES;
				GCC_WARN_64_TO_32_BIT_CONVERSION = YES;
				GCC_WARN_ABOUT_RETURN_TYPE = YES_ERROR;
				GCC_WARN_UNDECLARED_SELECTOR = YES;
				GCC_WARN_UNINITIALIZED_AUTOS = YES_AGGRESSIVE;
				GCC_WARN_UNUSED_FUNCTION = YES;
				GCC_WARN_UNUSED_VARIABLE = YES;
				IPHONEOS_DEPLOYMENT_TARGET = 14.5;
				MTL_ENABLE_DEBUG_INFO = NO;
				MTL_FAST_MATH = YES;
				SDKROOT = iphoneos;
				SWIFT_COMPILATION_MODE = wholemodule;
				SWIFT_OPTIMIZATION_LEVEL = "-O";
				VALIDATE_PRODUCT = YES;
			};
			name = Release;
		};
		38AC647B264C44C600CD9279 /* Debug */ = {
			isa = XCBuildConfiguration;
			buildSettings = {
				ASSETCATALOG_COMPILER_APPICON_NAME = AppIcon;
				ASSETCATALOG_COMPILER_GLOBAL_ACCENT_COLOR_NAME = AccentColor;
				CODE_SIGN_ENTITLEMENTS = "Wacoma-Demo/Wacoma-Demo.entitlements";
				CODE_SIGN_STYLE = Automatic;
				DEVELOPMENT_ASSET_PATHS = "\"Wacoma-Demo/Preview Content\"";
				DEVELOPMENT_TEAM = VV92S3CB9G;
				ENABLE_PREVIEWS = YES;
				INFOPLIST_FILE = "Wacoma-Demo/Info.plist";
				IPHONEOS_DEPLOYMENT_TARGET = 14.0;
				LD_RUNPATH_SEARCH_PATHS = (
					"$(inherited)",
					"@executable_path/Frameworks",
				);
				PRODUCT_BUNDLE_IDENTIFIER = "com.jehanson.Wacoma-Demo";
				PRODUCT_NAME = "$(TARGET_NAME)";
				SUPPORTS_MACCATALYST = YES;
				SWIFT_VERSION = 5.0;
				TARGETED_DEVICE_FAMILY = "1,2";
			};
			name = Debug;
		};
		38AC647C264C44C600CD9279 /* Release */ = {
			isa = XCBuildConfiguration;
			buildSettings = {
				ASSETCATALOG_COMPILER_APPICON_NAME = AppIcon;
				ASSETCATALOG_COMPILER_GLOBAL_ACCENT_COLOR_NAME = AccentColor;
				CODE_SIGN_ENTITLEMENTS = "Wacoma-Demo/Wacoma-Demo.entitlements";
				CODE_SIGN_STYLE = Automatic;
				DEVELOPMENT_ASSET_PATHS = "\"Wacoma-Demo/Preview Content\"";
				DEVELOPMENT_TEAM = VV92S3CB9G;
				ENABLE_PREVIEWS = YES;
				INFOPLIST_FILE = "Wacoma-Demo/Info.plist";
				IPHONEOS_DEPLOYMENT_TARGET = 14.0;
				LD_RUNPATH_SEARCH_PATHS = (
					"$(inherited)",
					"@executable_path/Frameworks",
				);
				PRODUCT_BUNDLE_IDENTIFIER = "com.jehanson.Wacoma-Demo";
				PRODUCT_NAME = "$(TARGET_NAME)";
				SUPPORTS_MACCATALYST = YES;
				SWIFT_VERSION = 5.0;
				TARGETED_DEVICE_FAMILY = "1,2";
			};
			name = Release;
		};
/* End XCBuildConfiguration section */

/* Begin XCConfigurationList section */
		38AC6466264C44C300CD9279 /* Build configuration list for PBXProject "Wacoma-Demo" */ = {
			isa = XCConfigurationList;
			buildConfigurations = (
				38AC6478264C44C600CD9279 /* Debug */,
				38AC6479264C44C600CD9279 /* Release */,
			);
			defaultConfigurationIsVisible = 0;
			defaultConfigurationName = Release;
		};
		38AC647A264C44C600CD9279 /* Build configuration list for PBXNativeTarget "Wacoma-Demo" */ = {
			isa = XCConfigurationList;
			buildConfigurations = (
				38AC647B264C44C600CD9279 /* Debug */,
				38AC647C264C44C600CD9279 /* Release */,
			);
			defaultConfigurationIsVisible = 0;
			defaultConfigurationName = Release;
		};
/* End XCConfigurationList section */

/* Begin XCRemoteSwiftPackageReference section */
		38E09073273055DA007DEB5D /* XCRemoteSwiftPackageReference "Wacoma" */ = {
			isa = XCRemoteSwiftPackageReference;
			repositoryURL = "https://github.com/jehansontech/Wacoma";
			requirement = {
				branch = dev;
				kind = branch;
			};
		};
/* End XCRemoteSwiftPackageReference section */

/* Begin XCSwiftPackageProductDependency section */
		38E09074273055DA007DEB5D /* Wacoma */ = {
			isa = XCSwiftPackageProductDependency;
			package = 38E09073273055DA007DEB5D /* XCRemoteSwiftPackageReference "Wacoma" */;
			productName = Wacoma;
		};
		38E09076273055DA007DEB5D /* WacomaUI */ = {
			isa = XCSwiftPackageProductDependency;
			package = 38E09073273055DA007DEB5D /* XCRemoteSwiftPackageReference "Wacoma" */;
			productName = WacomaUI;
		};
/* End XCSwiftPackageProductDependency section */
	};
	rootObject = 38AC6463264C44C300CD9279 /* Project object */;
}
